
Microsoft Visual Studio Solution File, Format Version 12.00
# Visual Studio Version 17
VisualStudioVersion = 17.8.34322.80
MinimumVisualStudioVersion = 10.0.40219.1
Project("{FAE04EC0-301F-11D3-BF4B-00C04F79EFBC}") = "ShoppingList", "ShoppingList.csproj", "{170EB38E-FEF6-4D9D-BF62-9993F32D31DA}"
EndProject
Global
	GlobalSection(SolutionConfigurationPlatforms) = preSolution
		Debug|Any CPU = Debug|Any CPU
		Release|Any CPU = Release|Any CPU
	EndGlobalSection
	GlobalSection(ProjectConfigurationPlatforms) = postSolution
		{170EB38E-FEF6-4D9D-BF62-9993F32D31DA}.Debug|Any CPU.ActiveCfg = Debug|Any CPU
		{170EB38E-FEF6-4D9D-BF62-9993F32D31DA}.Debug|Any CPU.Build.0 = Debug|Any CPU
		{170EB38E-FEF6-4D9D-BF62-9993F32D31DA}.Release|Any CPU.ActiveCfg = Release|Any CPU
		{170EB38E-FEF6-4D9D-BF62-9993F32D31DA}.Release|Any CPU.Build.0 = Release|Any CPU
	EndGlobalSection
	GlobalSection(SolutionProperties) = preSolution
		HideSolutionNode = FALSE
	EndGlobalSection
	GlobalSection(ExtensibilityGlobals) = postSolution
		SolutionGuid = {AEF672CB-45C4-43B0-A93B-A9459DF0823C}
	EndGlobalSection
EndGlobal
